
Microsoft Visual Studio Solution File, Format Version 12.00
# Visual Studio Version 17
VisualStudioVersion = 17.0.32014.148
MinimumVisualStudioVersion = 10.0.40219.1
Project("{9A19103F-16F7-4668-BE54-9A1E7A4F7556}") = "Parky", "Parky\Parky.csproj", "{39CB55D4-2587-4DAE-AA65-A513E2576A2E}"
EndProject
Project("{9A19103F-16F7-4668-BE54-9A1E7A4F7556}") = "ParkyWeb", "ParkyWeb\ParkyWeb.csproj", "{DEB02AB1-F117-4753-9E46-185E350D76B7}"
EndProject
Global
	GlobalSection(SolutionConfigurationPlatforms) = preSolution
		Debug|Any CPU = Debug|Any CPU
		Release|Any CPU = Release|Any CPU
	EndGlobalSection
	GlobalSection(ProjectConfigurationPlatforms) = postSolution
		{39CB55D4-2587-4DAE-AA65-A513E2576A2E}.Debug|Any CPU.ActiveCfg = Debug|Any CPU
		{39CB55D4-2587-4DAE-AA65-A513E2576A2E}.Debug|Any CPU.Build.0 = Debug|Any CPU
		{39CB55D4-2587-4DAE-AA65-A513E2576A2E}.Release|Any CPU.ActiveCfg = Release|Any CPU
		{39CB55D4-2587-4DAE-AA65-A513E2576A2E}.Release|Any CPU.Build.0 = Release|Any CPU
		{DEB02AB1-F117-4753-9E46-185E350D76B7}.Debug|Any CPU.ActiveCfg = Debug|Any CPU
		{DEB02AB1-F117-4753-9E46-185E350D76B7}.Debug|Any CPU.Build.0 = Debug|Any CPU
		{DEB02AB1-F117-4753-9E46-185E350D76B7}.Release|Any CPU.ActiveCfg = Release|Any CPU
		{DEB02AB1-F117-4753-9E46-185E350D76B7}.Release|Any CPU.Build.0 = Release|Any CPU
	EndGlobalSection
	GlobalSection(SolutionProperties) = preSolution
		HideSolutionNode = FALSE
	EndGlobalSection
	GlobalSection(ExtensibilityGlobals) = postSolution
		SolutionGuid = {DDBBC2E0-B618-4473-9CC6-8F431C5EE5A9}
	EndGlobalSection
EndGlobal
